// !$*UTF8*$!
{
	archiveVersion = 1;
	classes = {
	};
	objectVersion = 56;
	objects = {

/* Begin PBXBuildFile section */
		A6D2745E2A85653300539AFC /* StatePracticeApp.swift in Sources */ = {isa = PBXBuildFile; fileRef = A6D2745D2A85653300539AFC /* StatePracticeApp.swift */; };
		A6D274602A85653300539AFC /* ContentView.swift in Sources */ = {isa = PBXBuildFile; fileRef = A6D2745F2A85653300539AFC /* ContentView.swift */; };
		A6D274622A85653500539AFC /* Assets.xcassets in Resources */ = {isa = PBXBuildFile; fileRef = A6D274612A85653500539AFC /* Assets.xcassets */; };
		A6D274652A85653500539AFC /* Preview Assets.xcassets in Resources */ = {isa = PBXBuildFile; fileRef = A6D274642A85653500539AFC /* Preview Assets.xcassets */; };
		A6D274B22A8A54CB00539AFC /* ChocoChipCookieView.swift in Sources */ = {isa = PBXBuildFile; fileRef = A6D274B12A8A54CB00539AFC /* ChocoChipCookieView.swift */; };
		A6D274B82A8A9CC400539AFC /* IngredientsView.swift in Sources */ = {isa = PBXBuildFile; fileRef = A6D274B72A8A9CC400539AFC /* IngredientsView.swift */; };
		A6D274BA2A8AB5C500539AFC /* HeaderView.swift in Sources */ = {isa = PBXBuildFile; fileRef = A6D274B92A8AB5C500539AFC /* HeaderView.swift */; };
		A6D274BC2A8BF25000539AFC /* SnickerdoodleView.swift in Sources */ = {isa = PBXBuildFile; fileRef = A6D274BB2A8BF25000539AFC /* SnickerdoodleView.swift */; };
		A6D274BF2A8BF50400539AFC /* SnickerdoodleIngredientsView.swift in Sources */ = {isa = PBXBuildFile; fileRef = A6D274BE2A8BF50400539AFC /* SnickerdoodleIngredientsView.swift */; };
		A6D274C52A8C057800539AFC /* CookieCalculatorView.swift in Sources */ = {isa = PBXBuildFile; fileRef = A6D274C42A8C057800539AFC /* CookieCalculatorView.swift */; };
/* End PBXBuildFile section */

/* Begin PBXFileReference section */
		A6D2745A2A85653300539AFC /* StatePractice.app */ = {isa = PBXFileReference; explicitFileType = wrapper.application; includeInIndex = 0; path = StatePractice.app; sourceTree = BUILT_PRODUCTS_DIR; };
		A6D2745D2A85653300539AFC /* StatePracticeApp.swift */ = {isa = PBXFileReference; lastKnownFileType = sourcecode.swift; path = StatePracticeApp.swift; sourceTree = "<group>"; };
		A6D2745F2A85653300539AFC /* ContentView.swift */ = {isa = PBXFileReference; lastKnownFileType = sourcecode.swift; path = ContentView.swift; sourceTree = "<group>"; };
		A6D274612A85653500539AFC /* Assets.xcassets */ = {isa = PBXFileReference; lastKnownFileType = folder.assetcatalog; path = Assets.xcassets; sourceTree = "<group>"; };
		A6D274642A85653500539AFC /* Preview Assets.xcassets */ = {isa = PBXFileReference; lastKnownFileType = folder.assetcatalog; path = "Preview Assets.xcassets"; sourceTree = "<group>"; };
		A6D274B12A8A54CB00539AFC /* ChocoChipCookieView.swift */ = {isa = PBXFileReference; lastKnownFileType = sourcecode.swift; path = ChocoChipCookieView.swift; sourceTree = "<group>"; };
		A6D274B72A8A9CC400539AFC /* IngredientsView.swift */ = {isa = PBXFileReference; lastKnownFileType = sourcecode.swift; path = IngredientsView.swift; sourceTree = "<group>"; };
		A6D274B92A8AB5C500539AFC /* HeaderView.swift */ = {isa = PBXFileReference; lastKnownFileType = sourcecode.swift; path = HeaderView.swift; sourceTree = "<group>"; };
		A6D274BB2A8BF25000539AFC /* SnickerdoodleView.swift */ = {isa = PBXFileReference; lastKnownFileType = sourcecode.swift; path = SnickerdoodleView.swift; sourceTree = "<group>"; };
		A6D274BE2A8BF50400539AFC /* SnickerdoodleIngredientsView.swift */ = {isa = PBXFileReference; lastKnownFileType = sourcecode.swift; path = SnickerdoodleIngredientsView.swift; sourceTree = "<group>"; };
		A6D274C42A8C057800539AFC /* CookieCalculatorView.swift */ = {isa = PBXFileReference; lastKnownFileType = sourcecode.swift; path = CookieCalculatorView.swift; sourceTree = "<group>"; };
/* End PBXFileReference section */

/* Begin PBXFrameworksBuildPhase section */
		A6D274572A85653300539AFC /* Frameworks */ = {
			isa = PBXFrameworksBuildPhase;
			buildActionMask = 2147483647;
			files = (
			);
			runOnlyForDeploymentPostprocessing = 0;
		};
/* End PBXFrameworksBuildPhase section */

/* Begin PBXGroup section */
		A6D274512A85653300539AFC = {
			isa = PBXGroup;
			children = (
				A6D2745C2A85653300539AFC /* StatePractice */,
				A6D2745B2A85653300539AFC /* Products */,
			);
			sourceTree = "<group>";
		};
		A6D2745B2A85653300539AFC /* Products */ = {
			isa = PBXGroup;
			children = (
				A6D2745A2A85653300539AFC /* StatePractice.app */,
			);
			name = Products;
			sourceTree = "<group>";
		};
		A6D2745C2A85653300539AFC /* StatePractice */ = {
			isa = PBXGroup;
			children = (
				A6D2745D2A85653300539AFC /* StatePracticeApp.swift */,
				A6D2745F2A85653300539AFC /* ContentView.swift */,
				A6D274B12A8A54CB00539AFC /* ChocoChipCookieView.swift */,
				A6D274BB2A8BF25000539AFC /* SnickerdoodleView.swift */,
				A6D274C42A8C057800539AFC /* CookieCalculatorView.swift */,
				A6D274C62A8C181900539AFC /* Other View */,
				A6D274612A85653500539AFC /* Assets.xcassets */,
				A6D274632A85653500539AFC /* Preview Content */,
			);
			path = StatePractice;
			sourceTree = "<group>";
		};
		A6D274632A85653500539AFC /* Preview Content */ = {
			isa = PBXGroup;
			children = (
				A6D274642A85653500539AFC /* Preview Assets.xcassets */,
			);
			path = "Preview Content";
			sourceTree = "<group>";
		};
		A6D274C62A8C181900539AFC /* Other View */ = {
			isa = PBXGroup;
			children = (
				A6D274B72A8A9CC400539AFC /* IngredientsView.swift */,
				A6D274BE2A8BF50400539AFC /* SnickerdoodleIngredientsView.swift */,
				A6D274B92A8AB5C500539AFC /* HeaderView.swift */,
			);
			path = "Other View";
			sourceTree = "<group>";
		};
/* End PBXGroup section */

/* Begin PBXNativeTarget section */
		A6D274592A85653300539AFC /* StatePractice */ = {
			isa = PBXNativeTarget;
			buildConfigurationList = A6D274682A85653500539AFC /* Build configuration list for PBXNativeTarget "StatePractice" */;
			buildPhases = (
				A6D274562A85653300539AFC /* Sources */,
				A6D274572A85653300539AFC /* Frameworks */,
				A6D274582A85653300539AFC /* Resources */,
			);
			buildRules = (
			);
			dependencies = (
			);
			name = StatePractice;
			productName = StatePractice;
			productReference = A6D2745A2A85653300539AFC /* StatePractice.app */;
			productType = "com.apple.product-type.application";
		};
/* End PBXNativeTarget section */

/* Begin PBXProject section */
		A6D274522A85653300539AFC /* Project object */ = {
			isa = PBXProject;
			attributes = {
				BuildIndependentTargetsInParallel = 1;
				LastSwiftUpdateCheck = 1430;
				LastUpgradeCheck = 1500;
				TargetAttributes = {
					A6D274592A85653300539AFC = {
						CreatedOnToolsVersion = 14.3.1;
					};
				};
			};
			buildConfigurationList = A6D274552A85653300539AFC /* Build configuration list for PBXProject "StatePractice" */;
			compatibilityVersion = "Xcode 14.0";
			developmentRegion = en;
			hasScannedForEncodings = 0;
			knownRegions = (
				en,
				Base,
			);
			mainGroup = A6D274512A85653300539AFC;
			productRefGroup = A6D2745B2A85653300539AFC /* Products */;
			projectDirPath = "";
			projectRoot = "";
			targets = (
				A6D274592A85653300539AFC /* StatePractice */,
			);
		};
/* End PBXProject section */

/* Begin PBXResourcesBuildPhase section */
		A6D274582A85653300539AFC /* Resources */ = {
			isa = PBXResourcesBuildPhase;
			buildActionMask = 2147483647;
			files = (
				A6D274652A85653500539AFC /* Preview Assets.xcassets in Resources */,
				A6D274622A85653500539AFC /* Assets.xcassets in Resources */,
			);
			runOnlyForDeploymentPostprocessing = 0;
		};
/* End PBXResourcesBuildPhase section */

/* Begin PBXSourcesBuildPhase section */
		A6D274562A85653300539AFC /* Sources */ = {
			isa = PBXSourcesBuildPhase;
			buildActionMask = 2147483647;
			files = (
				A6D274B22A8A54CB00539AFC /* ChocoChipCookieView.swift in Sources */,
				A6D274BA2A8AB5C500539AFC /* HeaderView.swift in Sources */,
				A6D274BC2A8BF25000539AFC /* SnickerdoodleView.swift in Sources */,
				A6D274B82A8A9CC400539AFC /* IngredientsView.swift in Sources */,
				A6D274C52A8C057800539AFC /* CookieCalculatorView.swift in Sources */,
				A6D274BF2A8BF50400539AFC /* SnickerdoodleIngredientsView.swift in Sources */,
				A6D274602A85653300539AFC /* ContentView.swift in Sources */,
				A6D2745E2A85653300539AFC /* StatePracticeApp.swift in Sources */,
			);
			runOnlyForDeploymentPostprocessing = 0;
		};
/* End PBXSourcesBuildPhase section */

/* Begin XCBuildConfiguration section */
		A6D274662A85653500539AFC /* Debug */ = {
			isa = XCBuildConfiguration;
			buildSettings = {
				ALWAYS_SEARCH_USER_PATHS = NO;
				CLANG_ANALYZER_NONNULL = YES;
				CLANG_ANALYZER_NUMBER_OBJECT_CONVERSION = YES_AGGRESSIVE;
				CLANG_CXX_LANGUAGE_STANDARD = "gnu++20";
				CLANG_ENABLE_MODULES = YES;
				CLANG_ENABLE_OBJC_ARC = YES;
				CLANG_ENABLE_OBJC_WEAK = YES;
				CLANG_WARN_BLOCK_CAPTURE_AUTORELEASING = YES;
				CLANG_WARN_BOOL_CONVERSION = YES;
				CLANG_WARN_COMMA = YES;
				CLANG_WARN_CONSTANT_CONVERSION = YES;
				CLANG_WARN_DEPRECATED_OBJC_IMPLEMENTATIONS = YES;
				CLANG_WARN_DIRECT_OBJC_ISA_USAGE = YES_ERROR;
				CLANG_WARN_DOCUMENTATION_COMMENTS = YES;
				CLANG_WARN_EMPTY_BODY = YES;
				CLANG_WARN_ENUM_CONVERSION = YES;
				CLANG_WARN_INFINITE_RECURSION = YES;
				CLANG_WARN_INT_CONVERSION = YES;
				CLANG_WARN_NON_LITERAL_NULL_CONVERSION = YES;
				CLANG_WARN_OBJC_IMPLICIT_RETAIN_SELF = YES;
				CLANG_WARN_OBJC_LITERAL_CONVERSION = YES;
				CLANG_WARN_OBJC_ROOT_CLASS = YES_ERROR;
				CLANG_WARN_QUOTED_INCLUDE_IN_FRAMEWORK_HEADER = YES;
				CLANG_WARN_RANGE_LOOP_ANALYSIS = YES;
				CLANG_WARN_STRICT_PROTOTYPES = YES;
				CLANG_WARN_SUSPICIOUS_MOVE = YES;
				CLANG_WARN_UNGUARDED_AVAILABILITY = YES_AGGRESSIVE;
				CLANG_WARN_UNREACHABLE_CODE = YES;
				CLANG_WARN__DUPLICATE_METHOD_MATCH = YES;
				COPY_PHASE_STRIP = NO;
				DEBUG_INFORMATION_FORMAT = dwarf;
				ENABLE_STRICT_OBJC_MSGSEND = YES;
				ENABLE_TESTABILITY = YES;
				ENABLE_USER_SCRIPT_SANDBOXING = YES;
				GCC_C_LANGUAGE_STANDARD = gnu11;
				GCC_DYNAMIC_NO_PIC = NO;
				GCC_NO_COMMON_BLOCKS = YES;
				GCC_OPTIMIZATION_LEVEL = 0;
				GCC_PREPROCESSOR_DEFINITIONS = (
					"DEBUG=1",
					"$(inherited)",
				);
				GCC_WARN_64_TO_32_BIT_CONVERSION = YES;
				GCC_WARN_ABOUT_RETURN_TYPE = YES_ERROR;
				GCC_WARN_UNDECLARED_SELECTOR = YES;
				GCC_WARN_UNINITIALIZED_AUTOS = YES_AGGRESSIVE;
				GCC_WARN_UNUSED_FUNCTION = YES;
				GCC_WARN_UNUSED_VARIABLE = YES;
				IPHONEOS_DEPLOYMENT_TARGET = 16.4;
				MTL_ENABLE_DEBUG_INFO = INCLUDE_SOURCE;
				MTL_FAST_MATH = YES;
				ONLY_ACTIVE_ARCH = YES;
				SDKROOT = iphoneos;
				SWIFT_ACTIVE_COMPILATION_CONDITIONS = DEBUG;
				SWIFT_OPTIMIZATION_LEVEL = "-Onone";
			};
			name = Debug;
		};
		A6D274672A85653500539AFC /* Release */ = {
			isa = XCBuildConfiguration;
			buildSettings = {
				ALWAYS_SEARCH_USER_PATHS = NO;
				CLANG_ANALYZER_NONNULL = YES;
				CLANG_ANALYZER_NUMBER_OBJECT_CONVERSION = YES_AGGRESSIVE;
				CLANG_CXX_LANGUAGE_STANDARD = "gnu++20";
				CLANG_ENABLE_MODULES = YES;
				CLANG_ENABLE_OBJC_ARC = YES;
				CLANG_ENABLE_OBJC_WEAK = YES;
				CLANG_WARN_BLOCK_CAPTURE_AUTORELEASING = YES;
				CLANG_WARN_BOOL_CONVERSION = YES;
				CLANG_WARN_COMMA = YES;
				CLANG_WARN_CONSTANT_CONVERSION = YES;
				CLANG_WARN_DEPRECATED_OBJC_IMPLEMENTATIONS = YES;
				CLANG_WARN_DIRECT_OBJC_ISA_USAGE = YES_ERROR;
				CLANG_WARN_DOCUMENTATION_COMMENTS = YES;
				CLANG_WARN_EMPTY_BODY = YES;
				CLANG_WARN_ENUM_CONVERSION = YES;
				CLANG_WARN_INFINITE_RECURSION = YES;
				CLANG_WARN_INT_CONVERSION = YES;
				CLANG_WARN_NON_LITERAL_NULL_CONVERSION = YES;
				CLANG_WARN_OBJC_IMPLICIT_RETAIN_SELF = YES;
				CLANG_WARN_OBJC_LITERAL_CONVERSION = YES;
				CLANG_WARN_OBJC_ROOT_CLASS = YES_ERROR;
				CLANG_WARN_QUOTED_INCLUDE_IN_FRAMEWORK_HEADER = YES;
				CLANG_WARN_RANGE_LOOP_ANALYSIS = YES;
				CLANG_WARN_STRICT_PROTOTYPES = YES;
				CLANG_WARN_SUSPICIOUS_MOVE = YES;
				CLANG_WARN_UNGUARDED_AVAILABILITY = YES_AGGRESSIVE;
				CLANG_WARN_UNREACHABLE_CODE = YES;
				CLANG_WARN__DUPLICATE_METHOD_MATCH = YES;
				COPY_PHASE_STRIP = NO;
				DEBUG_INFORMATION_FORMAT = "dwarf-with-dsym";
				ENABLE_NS_ASSERTIONS = NO;
				ENABLE_STRICT_OBJC_MSGSEND = YES;
				ENABLE_USER_SCRIPT_SANDBOXING = YES;
				GCC_C_LANGUAGE_STANDARD = gnu11;
				GCC_NO_COMMON_BLOCKS = YES;
				GCC_WARN_64_TO_32_BIT_CONVERSION = YES;
				GCC_WARN_ABOUT_RETURN_TYPE = YES_ERROR;
				GCC_WARN_UNDECLARED_SELECTOR = YES;
				GCC_WARN_UNINITIALIZED_AUTOS = YES_AGGRESSIVE;
				GCC_WARN_UNUSED_FUNCTION = YES;
				GCC_WARN_UNUSED_VARIABLE = YES;
				IPHONEOS_DEPLOYMENT_TARGET = 16.4;
				MTL_ENABLE_DEBUG_INFO = NO;
				MTL_FAST_MATH = YES;
				SDKROOT = iphoneos;
				SWIFT_COMPILATION_MODE = wholemodule;
				SWIFT_OPTIMIZATION_LEVEL = "-O";
				VALIDATE_PRODUCT = YES;
			};
			name = Release;
		};
		A6D274692A85653500539AFC /* Debug */ = {
			isa = XCBuildConfiguration;
			buildSettings = {
				ASSETCATALOG_COMPILER_APPICON_NAME = AppIcon;
				ASSETCATALOG_COMPILER_GLOBAL_ACCENT_COLOR_NAME = AccentColor;
				CODE_SIGN_STYLE = Automatic;
				CURRENT_PROJECT_VERSION = 1;
				DEVELOPMENT_ASSET_PATHS = "\"StatePractice/Preview Content\"";
				DEVELOPMENT_TEAM = L8NA8XZ3DK;
				ENABLE_PREVIEWS = YES;
				GENERATE_INFOPLIST_FILE = YES;
				INFOPLIST_KEY_UIApplicationSceneManifest_Generation = YES;
				INFOPLIST_KEY_UIApplicationSupportsIndirectInputEvents = YES;
				INFOPLIST_KEY_UILaunchScreen_Generation = YES;
				INFOPLIST_KEY_UISupportedInterfaceOrientations_iPad = "UIInterfaceOrientationPortrait UIInterfaceOrientationPortraitUpsideDown UIInterfaceOrientationLandscapeLeft UIInterfaceOrientationLandscapeRight";
				INFOPLIST_KEY_UISupportedInterfaceOrientations_iPhone = "UIInterfaceOrientationPortrait UIInterfaceOrientationLandscapeLeft UIInterfaceOrientationLandscapeRight";
				LD_RUNPATH_SEARCH_PATHS = (
					"$(inherited)",
					"@executable_path/Frameworks",
				);
				MARKETING_VERSION = 1.0;
				PRODUCT_BUNDLE_IDENTIFIER = nick.StatePractice;
				PRODUCT_NAME = "$(TARGET_NAME)";
				SWIFT_EMIT_LOC_STRINGS = YES;
				SWIFT_VERSION = 5.0;
				TARGETED_DEVICE_FAMILY = "1,2";
			};
			name = Debug;
		};
		A6D2746A2A85653500539AFC /* Release */ = {
			isa = XCBuildConfiguration;
			buildSettings = {
				ASSETCATALOG_COMPILER_APPICON_NAME = AppIcon;
				ASSETCATALOG_COMPILER_GLOBAL_ACCENT_COLOR_NAME = AccentColor;
				CODE_SIGN_STYLE = Automatic;
				CURRENT_PROJECT_VERSION = 1;
				DEVELOPMENT_ASSET_PATHS = "\"StatePractice/Preview Content\"";
				DEVELOPMENT_TEAM = L8NA8XZ3DK;
				ENABLE_PREVIEWS = YES;
				GENERATE_INFOPLIST_FILE = YES;
				INFOPLIST_KEY_UIApplicationSceneManifest_Generation = YES;
				INFOPLIST_KEY_UIApplicationSupportsIndirectInputEvents = YES;
				INFOPLIST_KEY_UILaunchScreen_Generation = YES;
				INFOPLIST_KEY_UISupportedInterfaceOrientations_iPad = "UIInterfaceOrientationPortrait UIInterfaceOrientationPortraitUpsideDown UIInterfaceOrientationLandscapeLeft UIInterfaceOrientationLandscapeRight";
				INFOPLIST_KEY_UISupportedInterfaceOrientations_iPhone = "UIInterfaceOrientationPortrait UIInterfaceOrientationLandscapeLeft UIInterfaceOrientationLandscapeRight";
				LD_RUNPATH_SEARCH_PATHS = (
					"$(inherited)",
					"@executable_path/Frameworks",
				);
				MARKETING_VERSION = 1.0;
				PRODUCT_BUNDLE_IDENTIFIER = nick.StatePractice;
				PRODUCT_NAME = "$(TARGET_NAME)";
				SWIFT_EMIT_LOC_STRINGS = YES;
				SWIFT_VERSION = 5.0;
				TARGETED_DEVICE_FAMILY = "1,2";
			};
			name = Release;
		};
/* End XCBuildConfiguration section */

/* Begin XCConfigurationList section */
		A6D274552A85653300539AFC /* Build configuration list for PBXProject "StatePractice" */ = {
			isa = XCConfigurationList;
			buildConfigurations = (
				A6D274662A85653500539AFC /* Debug */,
				A6D274672A85653500539AFC /* Release */,
			);
			defaultConfigurationIsVisible = 0;
			defaultConfigurationName = Release;
		};
		A6D274682A85653500539AFC /* Build configuration list for PBXNativeTarget "StatePractice" */ = {
			isa = XCConfigurationList;
			buildConfigurations = (
				A6D274692A85653500539AFC /* Debug */,
				A6D2746A2A85653500539AFC /* Release */,
			);
			defaultConfigurationIsVisible = 0;
			defaultConfigurationName = Release;
		};
/* End XCConfigurationList section */
	};
	rootObject = A6D274522A85653300539AFC /* Project object */;
}
